{
  "name": "progetto",
  "version": "1.0.0",
  "lockfileVersion": 3,
  "requires": true,
  "packages": {
    "": {
      "name": "progetto",
      "version": "1.0.0",
      "license": "ISC",
      "dependencies": {
        "@syncfusion/ej2-charts": "^28.2.4",
        "typescript": "^5.7.3"
      }
    },
    "node_modules/@syncfusion/ej2-base": {
      "version": "28.2.3",
      "resolved": "https://registry.npmjs.org/@syncfusion/ej2-base/-/ej2-base-28.2.3.tgz",
      "integrity": "sha512-THvYa6k6c9vEXlNoQ0vKf/1r1gHA9+3iNWPIqUJ6K1fMFu0cYOLGOT7LCVtxEtKuqkUIu90x2DJaoWnF1nt4tw==",
      "license": "SEE LICENSE IN license",
      "dependencies": {
        "@syncfusion/ej2-icons": "~28.2.3"
      },
      "bin": {
        "syncfusion-license": "bin/syncfusion-license.js"
      }
    },
    "node_modules/@syncfusion/ej2-buttons": {
      "version": "28.2.3",
      "resolved": "https://registry.npmjs.org/@syncfusion/ej2-buttons/-/ej2-buttons-28.2.3.tgz",
      "integrity": "sha512-EeGq0dNWxWQj4pslG8x/XvPVbeoV0R56x/ymo3DA+6KtFj2JVYHL/3vB2I2pvUlogPS9fBVC6OQmYLWLQ6KL3A==",
      "license": "SEE LICENSE IN license",
      "dependencies": {
        "@syncfusion/ej2-base": "~28.2.3"
      }
    },
    "node_modules/@syncfusion/ej2-calendars": {
      "version": "28.2.3",
      "resolved": "https://registry.npmjs.org/@syncfusion/ej2-calendars/-/ej2-calendars-28.2.3.tgz",
      "integrity": "sha512-Km/mU3ZIyLeJQnB1wXDRMDlweune6cp11zg6qm5Ib8hN+gtO6v2tiRcz4AZITqUZX2TIvIxyrxw3pEgtEFCFgQ==",
      "license": "SEE LICENSE IN license",
      "dependencies": {
        "@syncfusion/ej2-base": "~28.2.3",
        "@syncfusion/ej2-buttons": "~28.2.3",
        "@syncfusion/ej2-inputs": "~28.2.3",
        "@syncfusion/ej2-lists": "~28.2.3",
        "@syncfusion/ej2-popups": "~28.2.3"
      }
    },
    "node_modules/@syncfusion/ej2-charts": {
      "version": "28.2.4",
      "resolved": "https://registry.npmjs.org/@syncfusion/ej2-charts/-/ej2-charts-28.2.4.tgz",
      "integrity": "sha512-OYrDSd/qVItaKXngPbxMnmke/s21n5F2AkqLMWY4hqCCWdjuJLgGU7eh643GiHxIMexKeK5dhAv9ijn8lWDbew==",
      "license": "SEE LICENSE IN license",
      "dependencies": {
        "@syncfusion/ej2-base": "~28.2.3",
        "@syncfusion/ej2-calendars": "~28.2.3",
        "@syncfusion/ej2-data": "~28.2.3",
        "@syncfusion/ej2-excel-export": "~28.2.3",
        "@syncfusion/ej2-navigations": "~28.2.4",
        "@syncfusion/ej2-pdf-export": "~28.2.3",
        "@syncfusion/ej2-svg-base": "~28.2.3"
      }
    },
    "node_modules/@syncfusion/ej2-compression": {
      "version": "28.2.3",
      "resolved": "https://registry.npmjs.org/@syncfusion/ej2-compression/-/ej2-compression-28.2.3.tgz",
      "integrity": "sha512-OG+qWn2fNT4CtLpBWAif5gvZsrnpPrgEcxNQlT6uQX6ntDHT5IUDHSdvpUypGmJM3cDdcaqK8qygcgWBbj9ceQ==",
      "license": "SEE LICENSE IN license",
      "dependencies": {
        "@syncfusion/ej2-file-utils": "~28.2.3"
      }
    },
    "node_modules/@syncfusion/ej2-data": {
      "version": "28.2.3",
      "resolved": "https://registry.npmjs.org/@syncfusion/ej2-data/-/ej2-data-28.2.3.tgz",
      "integrity": "sha512-qAZQRqtOp/LhKLznMflaXUefrrinNpqBQkIE49XiUK0WzTZB8bXXtPMI5qPjTfqNkbqM4DelNMEqvqSkAi1BKA==",
      "license": "SEE LICENSE IN license",
      "dependencies": {
        "@syncfusion/ej2-base": "~28.2.3"
      }
    },
    "node_modules/@syncfusion/ej2-excel-export": {
      "version": "28.2.3",
      "resolved": "https://registry.npmjs.org/@syncfusion/ej2-excel-export/-/ej2-excel-export-28.2.3.tgz",
      "integrity": "sha512-DgL6Jg7uKFJKB83EDU0WLMTYpJDCGXsgbJ59ODSHOW+go+3gCBK/A+NJ7eZdacVQ0kAUNhuXRaIyjTemDqK6WA==",
      "license": "SEE LICENSE IN license",
      "dependencies": {
        "@syncfusion/ej2-base": "~28.2.3",
        "@syncfusion/ej2-compression": "~28.2.3"
      }
    },
    "node_modules/@syncfusion/ej2-file-utils": {
      "version": "28.2.3",
      "resolved": "https://registry.npmjs.org/@syncfusion/ej2-file-utils/-/ej2-file-utils-28.2.3.tgz",
      "integrity": "sha512-5PDcBtUfKy+P9BPVIYisT8DdZ7hNXkF5UWeOgw8rzE9BshBdpIcxRdEyMkRgQfqIHf3E7AWqLxyT87XxUOti2A==",
      "license": "SEE LICENSE IN license"
    },
    "node_modules/@syncfusion/ej2-icons": {
      "version": "28.2.3",
      "resolved": "https://registry.npmjs.org/@syncfusion/ej2-icons/-/ej2-icons-28.2.3.tgz",
      "integrity": "sha512-lwDMbygU3y15jLkTCtvFb7dwfEtOVknjajYWnp+wmCJF14ZUwDEBuY1jCcpDcEd6mHkDdS5GFlpifdjZhh9jJA==",
      "license": "SEE LICENSE IN license"
    },
    "node_modules/@syncfusion/ej2-inputs": {
      "version": "28.2.3",
      "resolved": "https://registry.npmjs.org/@syncfusion/ej2-inputs/-/ej2-inputs-28.2.3.tgz",
      "integrity": "sha512-BoWxC7Ezi4vPjQRPE6r3zwbdEiT9bmcWYKI5jdc9EXvONId5gD4qgRb3X7kUOBhmsBxb4C8qY055OSeRCz6vYA==",
      "license": "SEE LICENSE IN license",
      "dependencies": {
        "@syncfusion/ej2-base": "~28.2.3",
        "@syncfusion/ej2-buttons": "~28.2.3",
        "@syncfusion/ej2-popups": "~28.2.3",
        "@syncfusion/ej2-splitbuttons": "~28.2.3"
      }
    },
    "node_modules/@syncfusion/ej2-lists": {
      "version": "28.2.3",
      "resolved": "https://registry.npmjs.org/@syncfusion/ej2-lists/-/ej2-lists-28.2.3.tgz",
      "integrity": "sha512-MB9ecuC0A3T6jwY6xIuHu5ZOtFcoNJGGCDWHiLRXH2OQWkeTsiGe0vjG2skTcrl0LXkinRAXo79RU1DaPFDB1Q==",
      "license": "SEE LICENSE IN license",
      "dependencies": {
        "@syncfusion/ej2-base": "~28.2.3",
        "@syncfusion/ej2-buttons": "~28.2.3",
        "@syncfusion/ej2-data": "~28.2.3",
        "@syncfusion/ej2-popups": "~28.2.3"
      }
    },
    "node_modules/@syncfusion/ej2-navigations": {
      "version": "28.2.4",
      "resolved": "https://registry.npmjs.org/@syncfusion/ej2-navigations/-/ej2-navigations-28.2.4.tgz",
      "integrity": "sha512-tS2f6f8dlnuvVf6MbXc2Blo6A/1vQN82BI1ZC9pX9r4ZC79Q5Y5391A5nUxQq6PI/lTq6nNir65wR+KRe3rlQA==",
      "license": "SEE LICENSE IN license",
      "dependencies": {
        "@syncfusion/ej2-base": "~28.2.3",
        "@syncfusion/ej2-buttons": "~28.2.3",
        "@syncfusion/ej2-data": "~28.2.3",
        "@syncfusion/ej2-inputs": "~28.2.3",
        "@syncfusion/ej2-lists": "~28.2.3",
        "@syncfusion/ej2-popups": "~28.2.3"
      }
    },
    "node_modules/@syncfusion/ej2-pdf-export": {
      "version": "28.2.3",
      "resolved": "https://registry.npmjs.org/@syncfusion/ej2-pdf-export/-/ej2-pdf-export-28.2.3.tgz",
      "integrity": "sha512-bYvzVG4NZNhZv0juHJwJ56DfJ+Yc/mS3xJen2YJu6AcumTET1MMTG1IrlFvzLffwGvdDddXVZNgbNkVXJS3Fug==",
      "license": "SEE LICENSE IN license",
      "dependencies": {
        "@syncfusion/ej2-compression": "~28.2.3"
      }
    },
    "node_modules/@syncfusion/ej2-popups": {
      "version": "28.2.3",
      "resolved": "https://registry.npmjs.org/@syncfusion/ej2-popups/-/ej2-popups-28.2.3.tgz",
      "integrity": "sha512-9gjfbW7s90hrjmv8sYkDLYuttOJsS70U4P1wt2O/EaRt/T6UPdSAz3616BojPYica4RUTlbW5lTzYTRHbDBddg==",
      "license": "SEE LICENSE IN license",
      "dependencies": {
        "@syncfusion/ej2-base": "~28.2.3",
        "@syncfusion/ej2-buttons": "~28.2.3"
      }
    },
    "node_modules/@syncfusion/ej2-splitbuttons": {
      "version": "28.2.3",
      "resolved": "https://registry.npmjs.org/@syncfusion/ej2-splitbuttons/-/ej2-splitbuttons-28.2.3.tgz",
      "integrity": "sha512-8PWYWo+kZgV2JfPkqe6riToKO7blxNBFMo083HdbaE2z76gKkB1Eg3JNCJU2NIqlsb8eZX1eBHd6JoUbTEkgow==",
      "license": "SEE LICENSE IN license",
      "dependencies": {
        "@syncfusion/ej2-base": "~28.2.3",
        "@syncfusion/ej2-popups": "~28.2.3"
      }
    },
    "node_modules/@syncfusion/ej2-svg-base": {
      "version": "28.2.3",
      "resolved": "https://registry.npmjs.org/@syncfusion/ej2-svg-base/-/ej2-svg-base-28.2.3.tgz",
      "integrity": "sha512-G5ZLzumZOuKHiZTtpnadRHMUuqTbq8dwpl8QCMo8zzW+VtmEMNG5+0OAwR1V0tjPTsFFHDGEVFjmAFhVOxZKJA==",
      "license": "SEE LICENSE IN license",
      "dependencies": {
        "@syncfusion/ej2-base": "~28.2.3"
      }
    },
    "node_modules/typescript": {
      "version": "5.7.3",
      "resolved": "https://registry.npmjs.org/typescript/-/typescript-5.7.3.tgz",
      "integrity": "sha512-84MVSjMEHP+FQRPy3pX9sTVV/INIex71s9TL2Gm5FG/WG1SqXeKyZ0k7/blY/4FdOzI12CBy1vGc4og/eus0fw==",
      "license": "Apache-2.0",
      "bin": {
        "tsc": "bin/tsc",
        "tsserver": "bin/tsserver"
      },
      "engines": {
        "node": ">=14.17"
      }
    }
  }
}
